Microsoft Visual Studio Solution File, Format Version 12.00
# Visual Studio Version 17
VisualStudioVersion = 17.5.2.0
MinimumVisualStudioVersion = 10.0.40219.1
Project("{FAE04EC0-301F-11D3-BF4B-00C04F79EFBC}") = "pc4-Teoria", "pc4-Teoria.csproj", "{1FE2BAF2-836E-D0D5-5CF4-DE56757578DA}"
EndProject
Global
	GlobalSection(SolutionConfigurationPlatforms) = preSolution
		Debug|Any CPU = Debug|Any CPU
		Release|Any CPU = Release|Any CPU
	EndGlobalSection
	GlobalSection(ProjectConfigurationPlatforms) = postSolution
		{1FE2BAF2-836E-D0D5-5CF4-DE56757578DA}.Debug|Any CPU.ActiveCfg = Debug|Any CPU
		{1FE2BAF2-836E-D0D5-5CF4-DE56757578DA}.Debug|Any CPU.Build.0 = Debug|Any CPU
		{1FE2BAF2-836E-D0D5-5CF4-DE56757578DA}.Release|Any CPU.ActiveCfg = Release|Any CPU
		{1FE2BAF2-836E-D0D5-5CF4-DE56757578DA}.Release|Any CPU.Build.0 = Release|Any CPU
	EndGlobalSection
	GlobalSection(SolutionProperties) = preSolution
		HideSolutionNode = FALSE
	EndGlobalSection
	GlobalSection(ExtensibilityGlobals) = postSolution
		SolutionGuid = {A0070F71-0AA1-43F9-8FC2-7DF7978BF993}
	EndGlobalSection
EndGlobal
